
Microsoft Visual Studio Solution File, Format Version 12.00
# Visual Studio 15
VisualStudioVersion = 15.0.27004.2005
MinimumVisualStudioVersion = 10.0.40219.1
Project("{FAE04EC0-301F-11D3-BF4B-00C04F79EFBC}") = "zad1", "zad1\zad1.csproj", "{DD95C02F-C8FA-49FC-B530-008F1264260C}"
EndProject
Project("{9A19103F-16F7-4668-BE54-9A1E7A4F7556}") = "drugi", "drugi\drugi.csproj", "{8704BD62-1E2F-4430-978B-3D737E6D4166}"
EndProject
Global
	GlobalSection(SolutionConfigurationPlatforms) = preSolution
		Debug|Any CPU = Debug|Any CPU
		Release|Any CPU = Release|Any CPU
	EndGlobalSection
	GlobalSection(ProjectConfigurationPlatforms) = postSolution
		{DD95C02F-C8FA-49FC-B530-008F1264260C}.Debug|Any CPU.ActiveCfg = Debug|Any CPU
		{DD95C02F-C8FA-49FC-B530-008F1264260C}.Debug|Any CPU.Build.0 = Debug|Any CPU
		{DD95C02F-C8FA-49FC-B530-008F1264260C}.Release|Any CPU.ActiveCfg = Release|Any CPU
		{DD95C02F-C8FA-49FC-B530-008F1264260C}.Release|Any CPU.Build.0 = Release|Any CPU
		{8704BD62-1E2F-4430-978B-3D737E6D4166}.Debug|Any CPU.ActiveCfg = Debug|Any CPU
		{8704BD62-1E2F-4430-978B-3D737E6D4166}.Debug|Any CPU.Build.0 = Debug|Any CPU
		{8704BD62-1E2F-4430-978B-3D737E6D4166}.Release|Any CPU.ActiveCfg = Release|Any CPU
		{8704BD62-1E2F-4430-978B-3D737E6D4166}.Release|Any CPU.Build.0 = Release|Any CPU
	EndGlobalSection
	GlobalSection(SolutionProperties) = preSolution
		HideSolutionNode = FALSE
	EndGlobalSection
	GlobalSection(ExtensibilityGlobals) = postSolution
		SolutionGuid = {4840716C-75FD-4C81-82C2-DE1A75D1629D}
	EndGlobalSection
EndGlobal
